
Microsoft Visual Studio Solution File, Format Version 12.00
# Visual Studio Version 17
VisualStudioVersion = 17.5.33516.290
MinimumVisualStudioVersion = 10.0.40219.1
Project("{FAE04EC0-301F-11D3-BF4B-00C04F79EFBC}") = "LogParser", "LogParser.csproj", "{6C25FC4F-FD89-4715-9E74-D9947F78D4DE}"
EndProject
Global
	GlobalSection(SolutionConfigurationPlatforms) = preSolution
		Debug|Any CPU = Debug|Any CPU
		Release|Any CPU = Release|Any CPU
	EndGlobalSection
	GlobalSection(ProjectConfigurationPlatforms) = postSolution
		{6C25FC4F-FD89-4715-9E74-D9947F78D4DE}.Debug|Any CPU.ActiveCfg = Debug|Any CPU
		{6C25FC4F-FD89-4715-9E74-D9947F78D4DE}.Debug|Any CPU.Build.0 = Debug|Any CPU
		{6C25FC4F-FD89-4715-9E74-D9947F78D4DE}.Release|Any CPU.ActiveCfg = Release|Any CPU
		{6C25FC4F-FD89-4715-9E74-D9947F78D4DE}.Release|Any CPU.Build.0 = Release|Any CPU
	EndGlobalSection
	GlobalSection(SolutionProperties) = preSolution
		HideSolutionNode = FALSE
	EndGlobalSection
	GlobalSection(ExtensibilityGlobals) = postSolution
		SolutionGuid = {20857CAF-BA69-4137-B771-85567EF9910B}
	EndGlobalSection
EndGlobal
